hash: e40299dbe2861ccd5e02a402949b24828145c4fed2989981c2890038d2ffd6d8
updated: 2018-11-06T15:46:11.901597422+08:00
imports:
- name: cloud.google.com/go
  version: c15541d6cecc1153b5cd2dbbb10371a796efe74c
  repo: git@github.com:GoogleCloudPlatform/google-cloud-go
  vcs: git
- name: github.com/beorn7/perks
  version: 3a771d992973f24aa725d07868b467d1ddfceafb
  subpackages:
  - quantile
- name: github.com/confluentinc/confluent-kafka-go
  version: 460e8e43b282a1a68219df600ef63442b81faf5f
  subpackages:
  - kafka
- name: github.com/golang/glog
  version: 23def4e6c14b4da8ac2ed8007337bc5eb5007998
- name: github.com/golang/protobuf
  version: 75dceb112b174be156fa9952e66d3e99945572b4
  subpackages:
  - jsonpb
  - proto
  - ptypes
  - ptypes/any
  - ptypes/duration
  - ptypes/struct
  - ptypes/timestamp
- name: github.com/golang/snappy
  version: 2e65f85255dbc3072edf28d6b5b8efc472979f5a
- name: github.com/grpc-ecosystem/go-grpc-prometheus
  version: 68e3a13e41175110a447e67246a59873d6aca902
- name: github.com/matttproud/golang_protobuf_extensions
  version: c12348ce28de40eed0136aa2b644d0ee0650e56c
  subpackages:
  - pbutil
- name: github.com/prometheus/client_golang
  version: abad2d1bd44235a26707c172eab6bca5bf2dbad3
  subpackages:
  - prometheus
  - prometheus/internal
- name: github.com/prometheus/client_model
  version: 5c3871d89910bfb32f5fcab2aa4b9ec68e65a99f
  subpackages:
  - go
- name: github.com/prometheus/common
  version: 7e9e6cabbd393fc208072eedef99188d0ce788b6
  subpackages:
  - expfmt
  - internal/bitbucket.org/ww/goautoneg
  - model
- name: github.com/prometheus/procfs
  version: 185b4288413d2a0dd0806f78c90dde719829e5ae
  subpackages:
  - internal/util
  - nfs
  - xfs
- name: github.com/tchap/go-patricia
  version: 5ad6cdb7538b0097d5598c7e57f0a24072adf7dc
  subpackages:
  - patricia
- name: golang.org/x/crypto
  version: 4d3f4d9ffa16a13f451c3b2999e9c49e9750bf06
  repo: git@github.com:golang/crypto
  vcs: git
  subpackages:
  - curve25519
  - ed25519
  - ed25519/internal/edwards25519
  - internal/chacha20
  - internal/subtle
  - poly1305
  - ssh
- name: golang.org/x/net
  version: 10aee181995363b41f712a55844a0dd52ea04646
  repo: git@github.com:golang/net
  vcs: git
  subpackages:
  - context
  - http/httpguts
  - http2
  - http2/hpack
  - idna
  - internal/timeseries
  - trace
- name: golang.org/x/sys
  version: 7155702f2d47d94b134229da97195d0130cab001
  repo: git@github.com:golang/sys
  vcs: git
  subpackages:
  - unix
- name: golang.org/x/text
  version: 6f44c5a2ea40ee3593d98cdcc905cc1fdaa660e2
  repo: git@github.com:golang/text
  vcs: git
  subpackages:
  - collate
  - internal/colltab
  - internal/language
  - internal/language/compact
  - internal/tag
  - language
  - secure/bidirule
  - transform
  - unicode/bidi
  - unicode/norm
- name: golang.org/x/time
  version: fbb02b2291d28baffd63558aa44b4b56f178d650
  repo: git@github.com:golang/time
  vcs: git
  subpackages:
  - rate
- name: google.golang.org/appengine
  version: 4a4468ece617fc8205e99368fa2200e9d1fad421
  repo: git@github.com:golang/appengine
  vcs: git
  subpackages:
  - cloudsql
- name: google.golang.org/genproto
  version: c830210a61dfaa790e1920f8d0470fc27bc2efbe
  repo: git@github.com:google/go-genproto
  vcs: git
  subpackages:
  - googleapis/rpc/status
- name: google.golang.org/grpc
  version: d27440de3ff4bcac15a44957845d2b7c1042ad35
  repo: git@github.com:grpc/grpc-go
  vcs: git
  subpackages:
  - balancer
  - balancer/base
  - balancer/roundrobin
  - binarylog/grpc_binarylog_v1
  - codes
  - connectivity
  - credentials
  - encoding
  - encoding/proto
  - grpclog
  - internal
  - internal/backoff
  - internal/binarylog
  - internal/channelz
  - internal/envconfig
  - internal/grpcrand
  - internal/syscall
  - internal/transport
  - keepalive
  - metadata
  - naming
  - peer
  - resolver
  - resolver/dns
  - resolver/passthrough
  - stats
  - status
  - tap
- name: vitess.io/vitess
  version: 4be3077a2430f58c2273f825ac4a3626ceaf7883
  repo: git@github.com:Junedayday/vitess
  vcs: git
  subpackages:
  - go/acl
  - go/bucketpool
  - go/bytes2
  - go/cache
  - go/event
  - go/event/syslogger
  - go/fileutil
  - go/flagutil
  - go/hack
  - go/history
  - go/json2
  - go/mysql
  - go/netutil
  - go/pools
  - go/proc
  - go/sqlescape
  - go/sqltypes
  - go/stats
  - go/streamlog
  - go/sync2
  - go/tb
  - go/timer
  - go/trace
  - go/vt/binlog
  - go/vt/binlog/eventtoken
  - go/vt/callerid
  - go/vt/callinfo
  - go/vt/concurrency
  - go/vt/dbconfigs
  - go/vt/dbconnpool
  - go/vt/discovery
  - go/vt/dtids
  - go/vt/env
  - go/vt/grpcclient
  - go/vt/grpccommon
  - go/vt/health
  - go/vt/hook
  - go/vt/key
  - go/vt/log
  - go/vt/logutil
  - go/vt/logz
  - go/vt/proto/binlogdata
  - go/vt/proto/logutil
  - go/vt/proto/query
  - go/vt/proto/replicationdata
  - go/vt/proto/tableacl
  - go/vt/proto/throttlerdata
  - go/vt/proto/topodata
  - go/vt/proto/vschema
  - go/vt/proto/vtgate
  - go/vt/proto/vtrpc
  - go/vt/proto/workflow
  - go/vt/servenv
  - go/vt/sqlannotation
  - go/vt/sqlparser
  - go/vt/srvtopo
  - go/vt/tableacl
  - go/vt/tableacl/acl
  - go/vt/throttler
  - go/vt/topo
  - go/vt/topo/events
  - go/vt/topo/topoproto
  - go/vt/topotools
  - go/vt/vterrors
  - go/vt/vtgate/vindexes
  - go/vt/vtgate/vtgateconn
  - go/vt/vttablet/heartbeat
  - go/vt/vttablet/queryservice
  - go/vt/vttablet/sandboxconn
  - go/vt/vttablet/tabletconn
  - go/vt/vttablet/tabletserver
  - go/vt/vttablet/tabletserver/connpool
  - go/vt/vttablet/tabletserver/messager
  - go/vt/vttablet/tabletserver/planbuilder
  - go/vt/vttablet/tabletserver/rules
  - go/vt/vttablet/tabletserver/schema
  - go/vt/vttablet/tabletserver/splitquery
  - go/vt/vttablet/tabletserver/tabletenv
  - go/vt/vttablet/tabletserver/txlimiter
  - go/vt/vttablet/tabletserver/txserializer
  - go/vt/vttablet/tabletserver/txthrottler
  - go/vt/vttls
testImports: []
